
Microsoft Visual Studio Solution File, Format Version 12.00
# Visual Studio 15
VisualStudioVersion = 15.0.28307.489
MinimumVisualStudioVersion = 10.0.40219.1
Project("{FAE04EC0-301F-11D3-BF4B-00C04F79EFBC}") = "SeleniumTutorialsYouTube", "SeleniumTutorialsYouTube\SeleniumTutorialsYouTube.csproj", "{18F4F119-19DC-4D86-9CF5-A5C04059D99B}"
EndProject
Global
	GlobalSection(SolutionConfigurationPlatforms) = preSolution
		Debug|Any CPU = Debug|Any CPU
		Release|Any CPU = Release|Any CPU
	EndGlobalSection
	GlobalSection(ProjectConfigurationPlatforms) = postSolution
		{18F4F119-19DC-4D86-9CF5-A5C04059D99B}.Debug|Any CPU.ActiveCfg = Debug|Any CPU
		{18F4F119-19DC-4D86-9CF5-A5C04059D99B}.Debug|Any CPU.Build.0 = Debug|Any CPU
		{18F4F119-19DC-4D86-9CF5-A5C04059D99B}.Release|Any CPU.ActiveCfg = Release|Any CPU
		{18F4F119-19DC-4D86-9CF5-A5C04059D99B}.Release|Any CPU.Build.0 = Release|Any CPU
	EndGlobalSection
	GlobalSection(SolutionProperties) = preSolution
		HideSolutionNode = FALSE
	EndGlobalSection
	GlobalSection(ExtensibilityGlobals) = postSolution
		SolutionGuid = {C59993F7-4DD3-4354-A801-0D5099ABA21D}
	EndGlobalSection
EndGlobal
